// !$*UTF8*$!
{
	archiveVersion = 1;
	classes = {
	};
	objectVersion = 55;
	objects = {

/* Begin PBXBuildFile section */
		012B92E427D781500012C5BC /* AppDelegate.swift in Sources */ = {isa = PBXBuildFile; fileRef = 012B92E327D781500012C5BC /* AppDelegate.swift */; };
		012B92E627D781500012C5BC /* SceneDelegate.swift in Sources */ = {isa = PBXBuildFile; fileRef = 012B92E527D781500012C5BC /* SceneDelegate.swift */; };
		012B92ED27D781510012C5BC /* Assets.xcassets in Resources */ = {isa = PBXBuildFile; fileRef = 012B92EC27D781510012C5BC /* Assets.xcassets */; };
		012B92FB27D7824D0012C5BC /* Cep.swift in Sources */ = {isa = PBXBuildFile; fileRef = 012B92FA27D7824D0012C5BC /* Cep.swift */; };
		012B92FD27D783920012C5BC /* SearchViewController.swift in Sources */ = {isa = PBXBuildFile; fileRef = 012B92FC27D783920012C5BC /* SearchViewController.swift */; };
		012B92FF27D783AB0012C5BC /* OnboardingViewController.swift in Sources */ = {isa = PBXBuildFile; fileRef = 012B92FE27D783AB0012C5BC /* OnboardingViewController.swift */; };
		012B930127D783E90012C5BC /* APIViaCEP.swift in Sources */ = {isa = PBXBuildFile; fileRef = 012B930027D783E90012C5BC /* APIViaCEP.swift */; };
/* End PBXBuildFile section */

/* Begin PBXFileReference section */
		012B92E027D781500012C5BC /* CEP.app */ = {isa = PBXFileReference; explicitFileType = wrapper.application; includeInIndex = 0; path = CEP.app; sourceTree = BUILT_PRODUCTS_DIR; };
		012B92E327D781500012C5BC /* AppDelegate.swift */ = {isa = PBXFileReference; lastKnownFileType = sourcecode.swift; path = AppDelegate.swift; sourceTree = "<group>"; };
		012B92E527D781500012C5BC /* SceneDelegate.swift */ = {isa = PBXFileReference; lastKnownFileType = sourcecode.swift; path = SceneDelegate.swift; sourceTree = "<group>"; };
		012B92EC27D781510012C5BC /* Assets.xcassets */ = {isa = PBXFileReference; lastKnownFileType = folder.assetcatalog; path = Assets.xcassets; sourceTree = "<group>"; };
		012B92F127D781510012C5BC /* Info.plist */ = {isa = PBXFileReference; lastKnownFileType = text.plist.xml; path = Info.plist; sourceTree = "<group>"; };
		012B92FA27D7824D0012C5BC /* Cep.swift */ = {isa = PBXFileReference; lastKnownFileType = sourcecode.swift; path = Cep.swift; sourceTree = "<group>"; };
		012B92FC27D783920012C5BC /* SearchViewController.swift */ = {isa = PBXFileReference; lastKnownFileType = sourcecode.swift; path = SearchViewController.swift; sourceTree = "<group>"; };
		012B92FE27D783AB0012C5BC /* OnboardingViewController.swift */ = {isa = PBXFileReference; lastKnownFileType = sourcecode.swift; path = OnboardingViewController.swift; sourceTree = "<group>"; };
		012B930027D783E90012C5BC /* APIViaCEP.swift */ = {isa = PBXFileReference; lastKnownFileType = sourcecode.swift; path = APIViaCEP.swift; sourceTree = "<group>"; };
/* End PBXFileReference section */

/* Begin PBXFrameworksBuildPhase section */
		012B92DD27D781500012C5BC /* Frameworks */ = {
			isa = PBXFrameworksBuildPhase;
			buildActionMask = 2147483647;
			files = (
			);
			runOnlyForDeploymentPostprocessing = 0;
		};
/* End PBXFrameworksBuildPhase section */

/* Begin PBXGroup section */
		012B92D727D781500012C5BC = {
			isa = PBXGroup;
			children = (
				012B92E227D781500012C5BC /* CEPproject */,
				012B92E127D781500012C5BC /* Products */,
			);
			sourceTree = "<group>";
		};
		012B92E127D781500012C5BC /* Products */ = {
			isa = PBXGroup;
			children = (
				012B92E027D781500012C5BC /* CEP.app */,
			);
			name = Products;
			sourceTree = "<group>";
		};
		012B92E227D781500012C5BC /* CEPproject */ = {
			isa = PBXGroup;
			children = (
				012B92E327D781500012C5BC /* AppDelegate.swift */,
				012B92E527D781500012C5BC /* SceneDelegate.swift */,
				012B92EC27D781510012C5BC /* Assets.xcassets */,
				012B92F127D781510012C5BC /* Info.plist */,
				012B92F927D7821B0012C5BC /* Model */,
				012B92F827D7820F0012C5BC /* View */,
				012B92F727D781F10012C5BC /* ViewModel */,
			);
			path = CEPproject;
			sourceTree = "<group>";
		};
		012B92F727D781F10012C5BC /* ViewModel */ = {
			isa = PBXGroup;
			children = (
				012B930027D783E90012C5BC /* APIViaCEP.swift */,
			);
			path = ViewModel;
			sourceTree = "<group>";
		};
		012B92F827D7820F0012C5BC /* View */ = {
			isa = PBXGroup;
			children = (
				012B92FC27D783920012C5BC /* SearchViewController.swift */,
				012B92FE27D783AB0012C5BC /* OnboardingViewController.swift */,
			);
			path = View;
			sourceTree = "<group>";
		};
		012B92F927D7821B0012C5BC /* Model */ = {
			isa = PBXGroup;
			children = (
				012B92FA27D7824D0012C5BC /* Cep.swift */,
			);
			path = Model;
			sourceTree = "<group>";
		};
/* End PBXGroup section */

/* Begin PBXNativeTarget section */
		012B92DF27D781500012C5BC /* CEP */ = {
			isa = PBXNativeTarget;
			buildConfigurationList = 012B92F427D781510012C5BC /* Build configuration list for PBXNativeTarget "CEP" */;
			buildPhases = (
				012B92DC27D781500012C5BC /* Sources */,
				012B92DD27D781500012C5BC /* Frameworks */,
				012B92DE27D781500012C5BC /* Resources */,
			);
			buildRules = (
			);
			dependencies = (
			);
			name = CEP;
			productName = CEP;
			productReference = 012B92E027D781500012C5BC /* CEP.app */;
			productType = "com.apple.product-type.application";
		};
/* End PBXNativeTarget section */

/* Begin PBXProject section */
		012B92D827D781500012C5BC /* Project object */ = {
			isa = PBXProject;
			attributes = {
				BuildIndependentTargetsInParallel = 1;
				LastSwiftUpdateCheck = 1320;
				LastUpgradeCheck = 1320;
				TargetAttributes = {
					012B92DF27D781500012C5BC = {
						CreatedOnToolsVersion = 13.2.1;
					};
				};
			};
			buildConfigurationList = 012B92DB27D781500012C5BC /* Build configuration list for PBXProject "CEP" */;
			compatibilityVersion = "Xcode 13.0";
			developmentRegion = en;
			hasScannedForEncodings = 0;
			knownRegions = (
				en,
				Base,
			);
			mainGroup = 012B92D727D781500012C5BC;
			productRefGroup = 012B92E127D781500012C5BC /* Products */;
			projectDirPath = "";
			projectRoot = "";
			targets = (
				012B92DF27D781500012C5BC /* CEP */,
			);
		};
/* End PBXProject section */

/* Begin PBXResourcesBuildPhase section */
		012B92DE27D781500012C5BC /* Resources */ = {
			isa = PBXResourcesBuildPhase;
			buildActionMask = 2147483647;
			files = (
				012B92ED27D781510012C5BC /* Assets.xcassets in Resources */,
			);
			runOnlyForDeploymentPostprocessing = 0;
		};
/* End PBXResourcesBuildPhase section */

/* Begin PBXSourcesBuildPhase section */
		012B92DC27D781500012C5BC /* Sources */ = {
			isa = PBXSourcesBuildPhase;
			buildActionMask = 2147483647;
			files = (
				012B92E427D781500012C5BC /* AppDelegate.swift in Sources */,
				012B930127D783E90012C5BC /* APIViaCEP.swift in Sources */,
				012B92FB27D7824D0012C5BC /* Cep.swift in Sources */,
				012B92FF27D783AB0012C5BC /* OnboardingViewController.swift in Sources */,
				012B92FD27D783920012C5BC /* SearchViewController.swift in Sources */,
				012B92E627D781500012C5BC /* SceneDelegate.swift in Sources */,
			);
			runOnlyForDeploymentPostprocessing = 0;
		};
/* End PBXSourcesBuildPhase section */

/* Begin XCBuildConfiguration section */
		012B92F227D781510012C5BC /* Debug */ = {
			isa = XCBuildConfiguration;
			buildSettings = {
				ALWAYS_SEARCH_USER_PATHS = NO;
				CLANG_ANALYZER_NONNULL = YES;
				CLANG_ANALYZER_NUMBER_OBJECT_CONVERSION = YES_AGGRESSIVE;
				CLANG_CXX_LANGUAGE_STANDARD = "gnu++17";
				CLANG_CXX_LIBRARY = "libc++";
				CLANG_ENABLE_MODULES = YES;
				CLANG_ENABLE_OBJC_ARC = YES;
				CLANG_ENABLE_OBJC_WEAK = YES;
				CLANG_WARN_BLOCK_CAPTURE_AUTORELEASING = YES;
				CLANG_WARN_BOOL_CONVERSION = YES;
				CLANG_WARN_COMMA = YES;
				CLANG_WARN_CONSTANT_CONVERSION = YES;
				CLANG_WARN_DEPRECATED_OBJC_IMPLEMENTATIONS = YES;
				CLANG_WARN_DIRECT_OBJC_ISA_USAGE = YES_ERROR;
				CLANG_WARN_DOCUMENTATION_COMMENTS = YES;
				CLANG_WARN_EMPTY_BODY = YES;
				CLANG_WARN_ENUM_CONVERSION = YES;
				CLANG_WARN_INFINITE_RECURSION = YES;
				CLANG_WARN_INT_CONVERSION = YES;
				CLANG_WARN_NON_LITERAL_NULL_CONVERSION = YES;
				CLANG_WARN_OBJC_IMPLICIT_RETAIN_SELF = YES;
				CLANG_WARN_OBJC_LITERAL_CONVERSION = YES;
				CLANG_WARN_OBJC_ROOT_CLASS = YES_ERROR;
				CLANG_WARN_QUOTED_INCLUDE_IN_FRAMEWORK_HEADER = YES;
				CLANG_WARN_RANGE_LOOP_ANALYSIS = YES;
				CLANG_WARN_STRICT_PROTOTYPES = YES;
				CLANG_WARN_SUSPICIOUS_MOVE = YES;
				CLANG_WARN_UNGUARDED_AVAILABILITY = YES_AGGRESSIVE;
				CLANG_WARN_UNREACHABLE_CODE = YES;
				CLANG_WARN__DUPLICATE_METHOD_MATCH = YES;
				COPY_PHASE_STRIP = NO;
				DEBUG_INFORMATION_FORMAT = dwarf;
				ENABLE_STRICT_OBJC_MSGSEND = YES;
				ENABLE_TESTABILITY = YES;
				GCC_C_LANGUAGE_STANDARD = gnu11;
				GCC_DYNAMIC_NO_PIC = NO;
				GCC_NO_COMMON_BLOCKS = YES;
				GCC_OPTIMIZATION_LEVEL = 0;
				GCC_PREPROCESSOR_DEFINITIONS = (
					"DEBUG=1",
					"$(inherited)",
				);
				GCC_WARN_64_TO_32_BIT_CONVERSION = YES;
				GCC_WARN_ABOUT_RETURN_TYPE = YES_ERROR;
				GCC_WARN_UNDECLARED_SELECTOR = YES;
				GCC_WARN_UNINITIALIZED_AUTOS = YES_AGGRESSIVE;
				GCC_WARN_UNUSED_FUNCTION = YES;
				GCC_WARN_UNUSED_VARIABLE = YES;
				IPHONEOS_DEPLOYMENT_TARGET = 15.2;
				MTL_ENABLE_DEBUG_INFO = INCLUDE_SOURCE;
				MTL_FAST_MATH = YES;
				ONLY_ACTIVE_ARCH = YES;
				SDKROOT = iphoneos;
				SWIFT_ACTIVE_COMPILATION_CONDITIONS = DEBUG;
				SWIFT_OPTIMIZATION_LEVEL = "-Onone";
			};
			name = Debug;
		};
		012B92F327D781510012C5BC /* Release */ = {
			isa = XCBuildConfiguration;
			buildSettings = {
				ALWAYS_SEARCH_USER_PATHS = NO;
				CLANG_ANALYZER_NONNULL = YES;
				CLANG_ANALYZER_NUMBER_OBJECT_CONVERSION = YES_AGGRESSIVE;
				CLANG_CXX_LANGUAGE_STANDARD = "gnu++17";
				CLANG_CXX_LIBRARY = "libc++";
				CLANG_ENABLE_MODULES = YES;
				CLANG_ENABLE_OBJC_ARC = YES;
				CLANG_ENABLE_OBJC_WEAK = YES;
				CLANG_WARN_BLOCK_CAPTURE_AUTORELEASING = YES;
				CLANG_WARN_BOOL_CONVERSION = YES;
				CLANG_WARN_COMMA = YES;
				CLANG_WARN_CONSTANT_CONVERSION = YES;
				CLANG_WARN_DEPRECATED_OBJC_IMPLEMENTATIONS = YES;
				CLANG_WARN_DIRECT_OBJC_ISA_USAGE = YES_ERROR;
				CLANG_WARN_DOCUMENTATION_COMMENTS = YES;
				CLANG_WARN_EMPTY_BODY = YES;
				CLANG_WARN_ENUM_CONVERSION = YES;
				CLANG_WARN_INFINITE_RECURSION = YES;
				CLANG_WARN_INT_CONVERSION = YES;
				CLANG_WARN_NON_LITERAL_NULL_CONVERSION = YES;
				CLANG_WARN_OBJC_IMPLICIT_RETAIN_SELF = YES;
				CLANG_WARN_OBJC_LITERAL_CONVERSION = YES;
				CLANG_WARN_OBJC_ROOT_CLASS = YES_ERROR;
				CLANG_WARN_QUOTED_INCLUDE_IN_FRAMEWORK_HEADER = YES;
				CLANG_WARN_RANGE_LOOP_ANALYSIS = YES;
				CLANG_WARN_STRICT_PROTOTYPES = YES;
				CLANG_WARN_SUSPICIOUS_MOVE = YES;
				CLANG_WARN_UNGUARDED_AVAILABILITY = YES_AGGRESSIVE;
				CLANG_WARN_UNREACHABLE_CODE = YES;
				CLANG_WARN__DUPLICATE_METHOD_MATCH = YES;
				COPY_PHASE_STRIP = NO;
				DEBUG_INFORMATION_FORMAT = "dwarf-with-dsym";
				ENABLE_NS_ASSERTIONS = NO;
				ENABLE_STRICT_OBJC_MSGSEND = YES;
				GCC_C_LANGUAGE_STANDARD = gnu11;
				GCC_NO_COMMON_BLOCKS = YES;
				GCC_WARN_64_TO_32_BIT_CONVERSION = YES;
				GCC_WARN_ABOUT_RETURN_TYPE = YES_ERROR;
				GCC_WARN_UNDECLARED_SELECTOR = YES;
				GCC_WARN_UNINITIALIZED_AUTOS = YES_AGGRESSIVE;
				GCC_WARN_UNUSED_FUNCTION = YES;
				GCC_WARN_UNUSED_VARIABLE = YES;
				IPHONEOS_DEPLOYMENT_TARGET = 15.2;
				MTL_ENABLE_DEBUG_INFO = NO;
				MTL_FAST_MATH = YES;
				SDKROOT = iphoneos;
				SWIFT_COMPILATION_MODE = wholemodule;
				SWIFT_OPTIMIZATION_LEVEL = "-O";
				VALIDATE_PRODUCT = YES;
			};
			name = Release;
		};
		012B92F527D781510012C5BC /* Debug */ = {
			isa = XCBuildConfiguration;
			buildSettings = {
				ASSETCATALOG_COMPILER_APPICON_NAME = AppIcon;
				ASSETCATALOG_COMPILER_GLOBAL_ACCENT_COLOR_NAME = AccentColor;
				CODE_SIGN_STYLE = Automatic;
				CURRENT_PROJECT_VERSION = 1;
				DEVELOPMENT_TEAM = 9C2M7MJD45;
				GENERATE_INFOPLIST_FILE = YES;
				INFOPLIST_FILE = CEP/Info.plist;
				INFOPLIST_KEY_UIApplicationSupportsIndirectInputEvents = YES;
				INFOPLIST_KEY_UILaunchStoryboardName = LaunchScreen;
				INFOPLIST_KEY_UISupportedInterfaceOrientations_iPad = "UIInterfaceOrientationPortrait UIInterfaceOrientationPortraitUpsideDown UIInterfaceOrientationLandscapeLeft UIInterfaceOrientationLandscapeRight";
				INFOPLIST_KEY_UISupportedInterfaceOrientations_iPhone = "UIInterfaceOrientationPortrait UIInterfaceOrientationLandscapeLeft UIInterfaceOrientationLandscapeRight";
				LD_RUNPATH_SEARCH_PATHS = (
					"$(inherited)",
					"@executable_path/Frameworks",
				);
				MARKETING_VERSION = 1.0;
				PRODUCT_BUNDLE_IDENTIFIER = "Danielle-Seragioli.CEP";
				PRODUCT_NAME = "$(TARGET_NAME)";
				SWIFT_EMIT_LOC_STRINGS = YES;
				SWIFT_VERSION = 5.0;
				TARGETED_DEVICE_FAMILY = "1,2";
			};
			name = Debug;
		};
		012B92F627D781510012C5BC /* Release */ = {
			isa = XCBuildConfiguration;
			buildSettings = {
				ASSETCATALOG_COMPILER_APPICON_NAME = AppIcon;
				ASSETCATALOG_COMPILER_GLOBAL_ACCENT_COLOR_NAME = AccentColor;
				CODE_SIGN_STYLE = Automatic;
				CURRENT_PROJECT_VERSION = 1;
				DEVELOPMENT_TEAM = 9C2M7MJD45;
				GENERATE_INFOPLIST_FILE = YES;
				INFOPLIST_FILE = CEP/Info.plist;
				INFOPLIST_KEY_UIApplicationSupportsIndirectInputEvents = YES;
				INFOPLIST_KEY_UILaunchStoryboardName = LaunchScreen;
				INFOPLIST_KEY_UISupportedInterfaceOrientations_iPad = "UIInterfaceOrientationPortrait UIInterfaceOrientationPortraitUpsideDown UIInterfaceOrientationLandscapeLeft UIInterfaceOrientationLandscapeRight";
				INFOPLIST_KEY_UISupportedInterfaceOrientations_iPhone = "UIInterfaceOrientationPortrait UIInterfaceOrientationLandscapeLeft UIInterfaceOrientationLandscapeRight";
				LD_RUNPATH_SEARCH_PATHS = (
					"$(inherited)",
					"@executable_path/Frameworks",
				);
				MARKETING_VERSION = 1.0;
				PRODUCT_BUNDLE_IDENTIFIER = "Danielle-Seragioli.CEP";
				PRODUCT_NAME = "$(TARGET_NAME)";
				SWIFT_EMIT_LOC_STRINGS = YES;
				SWIFT_VERSION = 5.0;
				TARGETED_DEVICE_FAMILY = "1,2";
			};
			name = Release;
		};
/* End XCBuildConfiguration section */

/* Begin XCConfigurationList section */
		012B92DB27D781500012C5BC /* Build configuration list for PBXProject "CEP" */ = {
			isa = XCConfigurationList;
			buildConfigurations = (
				012B92F227D781510012C5BC /* Debug */,
				012B92F327D781510012C5BC /* Release */,
			);
			defaultConfigurationIsVisible = 0;
			defaultConfigurationName = Release;
		};
		012B92F427D781510012C5BC /* Build configuration list for PBXNativeTarget "CEP" */ = {
			isa = XCConfigurationList;
			buildConfigurations = (
				012B92F527D781510012C5BC /* Debug */,
				012B92F627D781510012C5BC /* Release */,
			);
			defaultConfigurationIsVisible = 0;
			defaultConfigurationName = Release;
		};
/* End XCConfigurationList section */
	};
	rootObject = 012B92D827D781500012C5BC /* Project object */;
}
